
Microsoft Visual Studio Solution File, Format Version 12.00
# Visual Studio Version 17
VisualStudioVersion = 17.7.34024.191
MinimumVisualStudioVersion = 10.0.40219.1
Project("{FAE04EC0-301F-11D3-BF4B-00C04F79EFBC}") = "GG2", "GG2\GG2.csproj", "{D6715F84-ECE1-437C-B895-DF826D7A5413}"
EndProject
Global
	GlobalSection(SolutionConfigurationPlatforms) = preSolution
		Debug|Any CPU = Debug|Any CPU
		Release|Any CPU = Release|Any CPU
	EndGlobalSection
	GlobalSection(ProjectConfigurationPlatforms) = postSolution
		{D6715F84-ECE1-437C-B895-DF826D7A5413}.Debug|Any CPU.ActiveCfg = Debug|Any CPU
		{D6715F84-ECE1-437C-B895-DF826D7A5413}.Debug|Any CPU.Build.0 = Debug|Any CPU
		{D6715F84-ECE1-437C-B895-DF826D7A5413}.Release|Any CPU.ActiveCfg = Release|Any CPU
		{D6715F84-ECE1-437C-B895-DF826D7A5413}.Release|Any CPU.Build.0 = Release|Any CPU
	EndGlobalSection
	GlobalSection(SolutionProperties) = preSolution
		HideSolutionNode = FALSE
	EndGlobalSection
	GlobalSection(ExtensibilityGlobals) = postSolution
		SolutionGuid = {D0A86773-DCBB-418E-A833-2F24B37D4E12}
	EndGlobalSection
EndGlobal
